// !$*UTF8*$!
{
	archiveVersion = 1;
	classes = {
	};
	objectVersion = 46;
	objects = {

/* Begin PBXBuildFile section */
		AE423F5280A67A86A0405318 /* Pods_CodepathInstagram.framework in Frameworks */ = {isa = PBXBuildFile; fileRef = C6F7FEAE5217990BD4B16802 /* Pods_CodepathInstagram.framework */; };
		D0CC73C41C7DA88F00C8B8CB /* LoginViewController.swift in Sources */ = {isa = PBXBuildFile; fileRef = D0CC73C31C7DA88F00C8B8CB /* LoginViewController.swift */; };
		D0DEAB641C7DA2AE00C175A0 /* AppDelegate.swift in Sources */ = {isa = PBXBuildFile; fileRef = D0DEAB631C7DA2AE00C175A0 /* AppDelegate.swift */; };
		D0DEAB661C7DA2AE00C175A0 /* ViewController.swift in Sources */ = {isa = PBXBuildFile; fileRef = D0DEAB651C7DA2AE00C175A0 /* ViewController.swift */; };
		D0DEAB691C7DA2AE00C175A0 /* Main.storyboard in Resources */ = {isa = PBXBuildFile; fileRef = D0DEAB671C7DA2AE00C175A0 /* Main.storyboard */; };
		D0DEAB6B1C7DA2AE00C175A0 /* Assets.xcassets in Resources */ = {isa = PBXBuildFile; fileRef = D0DEAB6A1C7DA2AE00C175A0 /* Assets.xcassets */; };
		D0DEAB6E1C7DA2AE00C175A0 /* LaunchScreen.storyboard in Resources */ = {isa = PBXBuildFile; fileRef = D0DEAB6C1C7DA2AE00C175A0 /* LaunchScreen.storyboard */; };
/* End PBXBuildFile section */

/* Begin PBXFileReference section */
		4C16647DDC9A52356A5AFD7F /* Pods-CodepathInstagram.release.xcconfig */ = {isa = PBXFileReference; includeInIndex = 1; lastKnownFileType = text.xcconfig; name = "Pods-CodepathInstagram.release.xcconfig"; path = "Pods/Target Support Files/Pods-CodepathInstagram/Pods-CodepathInstagram.release.xcconfig"; sourceTree = "<group>"; };
		C6F7FEAE5217990BD4B16802 /* Pods_CodepathInstagram.framework */ = {isa = PBXFileReference; explicitFileType = wrapper.framework; includeInIndex = 0; path = Pods_CodepathInstagram.framework; sourceTree = BUILT_PRODUCTS_DIR; };
		D0CC73C31C7DA88F00C8B8CB /* LoginViewController.swift */ = {isa = PBXFileReference; fileEncoding = 4; lastKnownFileType = sourcecode.swift; path = LoginViewController.swift; sourceTree = "<group>"; };
		D0DEAB601C7DA2AE00C175A0 /* CodepathInstagram.app */ = {isa = PBXFileReference; explicitFileType = wrapper.application; includeInIndex = 0; path = CodepathInstagram.app; sourceTree = BUILT_PRODUCTS_DIR; };
		D0DEAB631C7DA2AE00C175A0 /* AppDelegate.swift */ = {isa = PBXFileReference; lastKnownFileType = sourcecode.swift; path = AppDelegate.swift; sourceTree = "<group>"; };
		D0DEAB651C7DA2AE00C175A0 /* ViewController.swift */ = {isa = PBXFileReference; lastKnownFileType = sourcecode.swift; path = ViewController.swift; sourceTree = "<group>"; };
		D0DEAB681C7DA2AE00C175A0 /* Base */ = {isa = PBXFileReference; lastKnownFileType = file.storyboard; name = Base; path = Base.lproj/Main.storyboard; sourceTree = "<group>"; };
		D0DEAB6A1C7DA2AE00C175A0 /* Assets.xcassets */ = {isa = PBXFileReference; lastKnownFileType = folder.assetcatalog; path = Assets.xcassets; sourceTree = "<group>"; };
		D0DEAB6D1C7DA2AE00C175A0 /* Base */ = {isa = PBXFileReference; lastKnownFileType = file.storyboard; name = Base; path = Base.lproj/LaunchScreen.storyboard; sourceTree = "<group>"; };
		D0DEAB6F1C7DA2AE00C175A0 /* Info.plist */ = {isa = PBXFileReference; lastKnownFileType = text.plist.xml; path = Info.plist; sourceTree = "<group>"; };
		F1BCD2D97EE6A0773EEDD641 /* Pods-CodepathInstagram.debug.xcconfig */ = {isa = PBXFileReference; includeInIndex = 1; lastKnownFileType = text.xcconfig; name = "Pods-CodepathInstagram.debug.xcconfig"; path = "Pods/Target Support Files/Pods-CodepathInstagram/Pods-CodepathInstagram.debug.xcconfig"; sourceTree = "<group>"; };
/* End PBXFileReference section */

/* Begin PBXFrameworksBuildPhase section */
		D0DEAB5D1C7DA2AE00C175A0 /* Frameworks */ = {
			isa = PBXFrameworksBuildPhase;
			buildActionMask = 2147483647;
			files = (
				AE423F5280A67A86A0405318 /* Pods_CodepathInstagram.framework in Frameworks */,
			);
			runOnlyForDeploymentPostprocessing = 0;
		};
/* End PBXFrameworksBuildPhase section */

/* Begin PBXGroup section */
		2FD447913232612086DD9B18 /* Frameworks */ = {
			isa = PBXGroup;
			children = (
				C6F7FEAE5217990BD4B16802 /* Pods_CodepathInstagram.framework */,
			);
			name = Frameworks;
			sourceTree = "<group>";
		};
		D0DEAB571C7DA2AE00C175A0 = {
			isa = PBXGroup;
			children = (
				D0DEAB621C7DA2AE00C175A0 /* CodepathInstagram */,
				D0DEAB611C7DA2AE00C175A0 /* Products */,
				DDFB3382CDC4F2289B0C4E37 /* Pods */,
				2FD447913232612086DD9B18 /* Frameworks */,
			);
			sourceTree = "<group>";
		};
		D0DEAB611C7DA2AE00C175A0 /* Products */ = {
			isa = PBXGroup;
			children = (
				D0DEAB601C7DA2AE00C175A0 /* CodepathInstagram.app */,
			);
			name = Products;
			sourceTree = "<group>";
		};
		D0DEAB621C7DA2AE00C175A0 /* CodepathInstagram */ = {
			isa = PBXGroup;
			children = (
				D0DEAB631C7DA2AE00C175A0 /* AppDelegate.swift */,
				D0DEAB651C7DA2AE00C175A0 /* ViewController.swift */,
				D0DEAB671C7DA2AE00C175A0 /* Main.storyboard */,
				D0DEAB6A1C7DA2AE00C175A0 /* Assets.xcassets */,
				D0DEAB6C1C7DA2AE00C175A0 /* LaunchScreen.storyboard */,
				D0DEAB6F1C7DA2AE00C175A0 /* Info.plist */,
				D0CC73C31C7DA88F00C8B8CB /* LoginViewController.swift */,
			);
			path = CodepathInstagram;
			sourceTree = "<group>";
		};
		DDFB3382CDC4F2289B0C4E37 /* Pods */ = {
			isa = PBXGroup;
			children = (
				F1BCD2D97EE6A0773EEDD641 /* Pods-CodepathInstagram.debug.xcconfig */,
				4C16647DDC9A52356A5AFD7F /* Pods-CodepathInstagram.release.xcconfig */,
			);
			name = Pods;
			sourceTree = "<group>";
		};
/* End PBXGroup section */

/* Begin PBXNativeTarget section */
		D0DEAB5F1C7DA2AE00C175A0 /* CodepathInstagram */ = {
			isa = PBXNativeTarget;
			buildConfigurationList = D0DEAB721C7DA2AE00C175A0 /* Build configuration list for PBXNativeTarget "CodepathInstagram" */;
			buildPhases = (
				C6074707A39636503E6CA1B2 /* Check Pods Manifest.lock */,
				D0DEAB5C1C7DA2AE00C175A0 /* Sources */,
				D0DEAB5D1C7DA2AE00C175A0 /* Frameworks */,
				D0DEAB5E1C7DA2AE00C175A0 /* Resources */,
				2AE7D39C401FFA3A52E4D4F4 /* Embed Pods Frameworks */,
				21A02D0153DAF77288730100 /* Copy Pods Resources */,
			);
			buildRules = (
			);
			dependencies = (
			);
			name = CodepathInstagram;
			productName = CodepathInstagram;
			productReference = D0DEAB601C7DA2AE00C175A0 /* CodepathInstagram.app */;
			productType = "com.apple.product-type.application";
		};
/* End PBXNativeTarget section */

/* Begin PBXProject section */
		D0DEAB581C7DA2AE00C175A0 /* Project object */ = {
			isa = PBXProject;
			attributes = {
				LastSwiftUpdateCheck = 0710;
				LastUpgradeCheck = 0710;
				ORGANIZATIONNAME = Sarn;
				TargetAttributes = {
					D0DEAB5F1C7DA2AE00C175A0 = {
						CreatedOnToolsVersion = 7.1.1;
						DevelopmentTeam = D2PLL9RKF8;
					};
				};
			};
			buildConfigurationList = D0DEAB5B1C7DA2AE00C175A0 /* Build configuration list for PBXProject "CodepathInstagram" */;
			compatibilityVersion = "Xcode 3.2";
			developmentRegion = English;
			hasScannedForEncodings = 0;
			knownRegions = (
				en,
				Base,
			);
			mainGroup = D0DEAB571C7DA2AE00C175A0;
			productRefGroup = D0DEAB611C7DA2AE00C175A0 /* Products */;
			projectDirPath = "";
			projectRoot = "";
			targets = (
				D0DEAB5F1C7DA2AE00C175A0 /* CodepathInstagram */,
			);
		};
/* End PBXProject section */

/* Begin PBXResourcesBuildPhase section */
		D0DEAB5E1C7DA2AE00C175A0 /* Resources */ = {
			isa = PBXResourcesBuildPhase;
			buildActionMask = 2147483647;
			files = (
				D0DEAB6E1C7DA2AE00C175A0 /* LaunchScreen.storyboard in Resources */,
				D0DEAB6B1C7DA2AE00C175A0 /* Assets.xcassets in Resources */,
				D0DEAB691C7DA2AE00C175A0 /* Main.storyboard in Resources */,
			);
			runOnlyForDeploymentPostprocessing = 0;
		};
/* End PBXResourcesBuildPhase section */

/* Begin PBXShellScriptBuildPhase section */
		21A02D0153DAF77288730100 /* Copy Pods Resources */ = {
			isa = PBXShellScriptBuildPhase;
			buildActionMask = 2147483647;
			files = (
			);
			inputPaths = (
			);
			name = "Copy Pods Resources";
			outputPaths = (
			);
			runOnlyForDeploymentPostprocessing = 0;
			shellPath = /bin/sh;
			shellScript = "\"${SRCROOT}/Pods/Target Support Files/Pods-CodepathInstagram/Pods-CodepathInstagram-resources.sh\"\n";
			showEnvVarsInLog = 0;
		};
		2AE7D39C401FFA3A52E4D4F4 /* Embed Pods Frameworks */ = {
			isa = PBXShellScriptBuildPhase;
			buildActionMask = 2147483647;
			files = (
			);
			inputPaths = (
			);
			name = "Embed Pods Frameworks";
			outputPaths = (
			);
			runOnlyForDeploymentPostprocessing = 0;
			shellPath = /bin/sh;
			shellScript = "\"${SRCROOT}/Pods/Target Support Files/Pods-CodepathInstagram/Pods-CodepathInstagram-frameworks.sh\"\n";
			showEnvVarsInLog = 0;
		};
		C6074707A39636503E6CA1B2 /* Check Pods Manifest.lock */ = {
			isa = PBXShellScriptBuildPhase;
			buildActionMask = 2147483647;
			files = (
			);
			inputPaths = (
			);
			name = "Check Pods Manifest.lock";
			outputPaths = (
			);
			runOnlyForDeploymentPostprocessing = 0;
			shellPath = /bin/sh;
			shellScript = "diff \"${PODS_ROOT}/../Podfile.lock\" \"${PODS_ROOT}/Manifest.lock\" > /dev/null\nif [[ $? != 0 ]] ; then\n    cat << EOM\nerror: The sandbox is not in sync with the Podfile.lock. Run 'pod install' or update your CocoaPods installation.\nEOM\n    exit 1\nfi\n";
			showEnvVarsInLog = 0;
		};
/* End PBXShellScriptBuildPhase section */

/* Begin PBXSourcesBuildPhase section */
		D0DEAB5C1C7DA2AE00C175A0 /* Sources */ = {
			isa = PBXSourcesBuildPhase;
			buildActionMask = 2147483647;
			files = (
				D0CC73C41C7DA88F00C8B8CB /* LoginViewController.swift in Sources */,
				D0DEAB661C7DA2AE00C175A0 /* ViewController.swift in Sources */,
				D0DEAB641C7DA2AE00C175A0 /* AppDelegate.swift in Sources */,
			);
			runOnlyForDeploymentPostprocessing = 0;
		};
/* End PBXSourcesBuildPhase section */

/* Begin PBXVariantGroup section */
		D0DEAB671C7DA2AE00C175A0 /* Main.storyboard */ = {
			isa = PBXVariantGroup;
			children = (
				D0DEAB681C7DA2AE00C175A0 /* Base */,
			);
			name = Main.storyboard;
			sourceTree = "<group>";
		};
		D0DEAB6C1C7DA2AE00C175A0 /* LaunchScreen.storyboard */ = {
			isa = PBXVariantGroup;
			children = (
				D0DEAB6D1C7DA2AE00C175A0 /* Base */,
			);
			name = LaunchScreen.storyboard;
			sourceTree = "<group>";
		};
/* End PBXVariantGroup section */

/* Begin XCBuildConfiguration section */
		D0DEAB701C7DA2AE00C175A0 /* Debug */ = {
			isa = XCBuildConfiguration;
			buildSettings = {
				ALWAYS_SEARCH_USER_PATHS = NO;
				CLANG_CXX_LANGUAGE_STANDARD = "gnu++0x";
				CLANG_CXX_LIBRARY = "libc++";
				CLANG_ENABLE_MODULES = YES;
				CLANG_ENABLE_OBJC_ARC = YES;
				CLANG_WARN_BOOL_CONVERSION = YES;
				CLANG_WARN_CONSTANT_CONVERSION = YES;
				CLANG_WARN_DIRECT_OBJC_ISA_USAGE = YES_ERROR;
				CLANG_WARN_EMPTY_BODY = YES;
				CLANG_WARN_ENUM_CONVERSION = YES;
				CLANG_WARN_INT_CONVERSION = YES;
				CLANG_WARN_OBJC_ROOT_CLASS = YES_ERROR;
				CLANG_WARN_UNREACHABLE_CODE = YES;
				CLANG_WARN__DUPLICATE_METHOD_MATCH = YES;
				"CODE_SIGN_IDENTITY[sdk=iphoneos*]" = "iPhone Developer";
				COPY_PHASE_STRIP = NO;
				DEBUG_INFORMATION_FORMAT = dwarf;
				ENABLE_STRICT_OBJC_MSGSEND = YES;
				ENABLE_TESTABILITY = YES;
				GCC_C_LANGUAGE_STANDARD = gnu99;
				GCC_DYNAMIC_NO_PIC = NO;
				GCC_NO_COMMON_BLOCKS = YES;
				GCC_OPTIMIZATION_LEVEL = 0;
				GCC_PREPROCESSOR_DEFINITIONS = (
					"DEBUG=1",
					"$(inherited)",
				);
				GCC_WARN_64_TO_32_BIT_CONVERSION = YES;
				GCC_WARN_ABOUT_RETURN_TYPE = YES_ERROR;
				GCC_WARN_UNDECLARED_SELECTOR = YES;
				GCC_WARN_UNINITIALIZED_AUTOS = YES_AGGRESSIVE;
				GCC_WARN_UNUSED_FUNCTION = YES;
				GCC_WARN_UNUSED_VARIABLE = YES;
				IPHONEOS_DEPLOYMENT_TARGET = 9.1;
				MTL_ENABLE_DEBUG_INFO = YES;
				ONLY_ACTIVE_ARCH = YES;
				SDKROOT = iphoneos;
				SWIFT_OPTIMIZATION_LEVEL = "-Onone";
			};
			name = Debug;
		};
		D0DEAB711C7DA2AE00C175A0 /* Release */ = {
			isa = XCBuildConfiguration;
			buildSettings = {
				ALWAYS_SEARCH_USER_PATHS = NO;
				CLANG_CXX_LANGUAGE_STANDARD = "gnu++0x";
				CLANG_CXX_LIBRARY = "libc++";
				CLANG_ENABLE_MODULES = YES;
				CLANG_ENABLE_OBJC_ARC = YES;
				CLANG_WARN_BOOL_CONVERSION = YES;
				CLANG_WARN_CONSTANT_CONVERSION = YES;
				CLANG_WARN_DIRECT_OBJC_ISA_USAGE = YES_ERROR;
				CLANG_WARN_EMPTY_BODY = YES;
				CLANG_WARN_ENUM_CONVERSION = YES;
				CLANG_WARN_INT_CONVERSION = YES;
				CLANG_WARN_OBJC_ROOT_CLASS = YES_ERROR;
				CLANG_WARN_UNREACHABLE_CODE = YES;
				CLANG_WARN__DUPLICATE_METHOD_MATCH = YES;
				"CODE_SIGN_IDENTITY[sdk=iphoneos*]" = "iPhone Developer";
				COPY_PHASE_STRIP = NO;
				DEBUG_INFORMATION_FORMAT = "dwarf-with-dsym";
				ENABLE_NS_ASSERTIONS = NO;
				ENABLE_STRICT_OBJC_MSGSEND = YES;
				GCC_C_LANGUAGE_STANDARD = gnu99;
				GCC_NO_COMMON_BLOCKS = YES;
				GCC_WARN_64_TO_32_BIT_CONVERSION = YES;
				GCC_WARN_ABOUT_RETURN_TYPE = YES_ERROR;
				GCC_WARN_UNDECLARED_SELECTOR = YES;
				GCC_WARN_UNINITIALIZED_AUTOS = YES_AGGRESSIVE;
				GCC_WARN_UNUSED_FUNCTION = YES;
				GCC_WARN_UNUSED_VARIABLE = YES;
				IPHONEOS_DEPLOYMENT_TARGET = 9.1;
				MTL_ENABLE_DEBUG_INFO = NO;
				SDKROOT = iphoneos;
				VALIDATE_PRODUCT = YES;
			};
			name = Release;
		};
		D0DEAB731C7DA2AE00C175A0 /* Debug */ = {
			isa = XCBuildConfiguration;
			baseConfigurationReference = F1BCD2D97EE6A0773EEDD641 /* Pods-CodepathInstagram.debug.xcconfig */;
			buildSettings = {
				ASSETCATALOG_COMPILER_APPICON_NAME = AppIcon;
				INFOPLIST_FILE = CodepathInstagram/Info.plist;
				LD_RUNPATH_SEARCH_PATHS = "$(inherited) @executable_path/Frameworks";
				PRODUCT_BUNDLE_IDENTIFIER = com.sarn.CodepathInstagram;
				PRODUCT_NAME = "$(TARGET_NAME)";
			};
			name = Debug;
		};
		D0DEAB741C7DA2AE00C175A0 /* Release */ = {
			isa = XCBuildConfiguration;
			baseConfigurationReference = 4C16647DDC9A52356A5AFD7F /* Pods-CodepathInstagram.release.xcconfig */;
			buildSettings = {
				ASSETCATALOG_COMPILER_APPICON_NAME = AppIcon;
				INFOPLIST_FILE = CodepathInstagram/Info.plist;
				LD_RUNPATH_SEARCH_PATHS = "$(inherited) @executable_path/Frameworks";
				PRODUCT_BUNDLE_IDENTIFIER = com.sarn.CodepathInstagram;
				PRODUCT_NAME = "$(TARGET_NAME)";
			};
			name = Release;
		};
/* End XCBuildConfiguration section */

/* Begin XCConfigurationList section */
		D0DEAB5B1C7DA2AE00C175A0 /* Build configuration list for PBXProject "CodepathInstagram" */ = {
			isa = XCConfigurationList;
			buildConfigurations = (
				D0DEAB701C7DA2AE00C175A0 /* Debug */,
				D0DEAB711C7DA2AE00C175A0 /* Release */,
			);
			defaultConfigurationIsVisible = 0;
			defaultConfigurationName = Release;
		};
		D0DEAB721C7DA2AE00C175A0 /* Build configuration list for PBXNativeTarget "CodepathInstagram" */ = {
			isa = XCConfigurationList;
			buildConfigurations = (
				D0DEAB731C7DA2AE00C175A0 /* Debug */,
				D0DEAB741C7DA2AE00C175A0 /* Release */,
			);
			defaultConfigurationIsVisible = 0;
			defaultConfigurationName = Release;
		};
/* End XCConfigurationList section */
	};
	rootObject = D0DEAB581C7DA2AE00C175A0 /* Project object */;
}
